
Microsoft Visual Studio Solution File, Format Version 12.00
# Visual Studio Version 17
VisualStudioVersion = 17.7.34031.279
MinimumVisualStudioVersion = 10.0.40219.1
Project("{FAE04EC0-301F-11D3-BF4B-00C04F79EFBC}") = "StudyGarden.Infrastructure", "StudyGarden.Infrastructure\StudyGarden.Infrastructure.csproj", "{9B68FC07-0EAC-4CD9-B92C-C1BECE4A179A}"
EndProject
Project("{FAE04EC0-301F-11D3-BF4B-00C04F79EFBC}") = "StudyGarden.Core", "StudyGarden.Core\StudyGarden.Core.csproj", "{160B52BB-D8A8-4B68-B146-372795C999AF}"
EndProject
Project("{FAE04EC0-301F-11D3-BF4B-00C04F79EFBC}") = "StudyGarden.DataAccess", "StudyGarden.DataAccess\StudyGarden.DataAccess.csproj", "{6163271C-E6F8-4732-9E9F-3FDB79FD89A2}"
EndProject
Project("{FAE04EC0-301F-11D3-BF4B-00C04F79EFBC}") = "StudyGarden.API", "StudyGarden.API\StudyGarden.API.csproj", "{B0B5957D-D659-4C87-87B9-F55E247C6F64}"
EndProject
Project("{FAE04EC0-301F-11D3-BF4B-00C04F79EFBC}") = "StudyGarden.Application", "StudyGarden.Application\StudyGarden.Application.csproj", "{779EA366-D0B2-4A53-9E8C-345C6299C8A2}"
EndProject
Global
	GlobalSection(SolutionConfigurationPlatforms) = preSolution
		Debug|Any CPU = Debug|Any CPU
		Release|Any CPU = Release|Any CPU
	EndGlobalSection
	GlobalSection(ProjectConfigurationPlatforms) = postSolution
		{9B68FC07-0EAC-4CD9-B92C-C1BECE4A179A}.Debug|Any CPU.ActiveCfg = Debug|Any CPU
		{9B68FC07-0EAC-4CD9-B92C-C1BECE4A179A}.Debug|Any CPU.Build.0 = Debug|Any CPU
		{9B68FC07-0EAC-4CD9-B92C-C1BECE4A179A}.Release|Any CPU.ActiveCfg = Debug|Any CPU
		{9B68FC07-0EAC-4CD9-B92C-C1BECE4A179A}.Release|Any CPU.Build.0 = Debug|Any CPU
		{160B52BB-D8A8-4B68-B146-372795C999AF}.Debug|Any CPU.ActiveCfg = Debug|Any CPU
		{160B52BB-D8A8-4B68-B146-372795C999AF}.Debug|Any CPU.Build.0 = Debug|Any CPU
		{160B52BB-D8A8-4B68-B146-372795C999AF}.Release|Any CPU.ActiveCfg = Debug|Any CPU
		{160B52BB-D8A8-4B68-B146-372795C999AF}.Release|Any CPU.Build.0 = Debug|Any CPU
		{6163271C-E6F8-4732-9E9F-3FDB79FD89A2}.Debug|Any CPU.ActiveCfg = Debug|Any CPU
		{6163271C-E6F8-4732-9E9F-3FDB79FD89A2}.Debug|Any CPU.Build.0 = Debug|Any CPU
		{6163271C-E6F8-4732-9E9F-3FDB79FD89A2}.Release|Any CPU.ActiveCfg = Debug|Any CPU
		{6163271C-E6F8-4732-9E9F-3FDB79FD89A2}.Release|Any CPU.Build.0 = Debug|Any CPU
		{B0B5957D-D659-4C87-87B9-F55E247C6F64}.Debug|Any CPU.ActiveCfg = Debug|Any CPU
		{B0B5957D-D659-4C87-87B9-F55E247C6F64}.Debug|Any CPU.Build.0 = Debug|Any CPU
		{B0B5957D-D659-4C87-87B9-F55E247C6F64}.Release|Any CPU.ActiveCfg = Debug|Any CPU
		{B0B5957D-D659-4C87-87B9-F55E247C6F64}.Release|Any CPU.Build.0 = Debug|Any CPU
		{779EA366-D0B2-4A53-9E8C-345C6299C8A2}.Debug|Any CPU.ActiveCfg = Debug|Any CPU
		{779EA366-D0B2-4A53-9E8C-345C6299C8A2}.Debug|Any CPU.Build.0 = Debug|Any CPU
		{779EA366-D0B2-4A53-9E8C-345C6299C8A2}.Release|Any CPU.ActiveCfg = Debug|Any CPU
		{779EA366-D0B2-4A53-9E8C-345C6299C8A2}.Release|Any CPU.Build.0 = Debug|Any CPU
	EndGlobalSection
	GlobalSection(SolutionProperties) = preSolution
		HideSolutionNode = FALSE
	EndGlobalSection
	GlobalSection(ExtensibilityGlobals) = postSolution
		SolutionGuid = {688F7073-343F-4A53-9EC5-A95007CFD0EC}
	EndGlobalSection
EndGlobal
